<?xml version="1.0"?>
<plist version="1.0">
	<dict>
		<key>archiveVersion</key>
		<string>1</string>
		<key>classes</key>
		<dict />
		<key>objectVersion</key>
		<string>46</string>
		<key>objects</key>
		<dict>
			<key>8C4845EB5C3C67BEFA12BC3F</key>
			<dict>
				<key>fileRef</key>
				<string>928AE16B31F2765D4D883259</string>
				<key>isa</key>
				<string>PBXBuildFile</string>
			</dict>
			<key>928AE16B31F2765D4D883259</key>
			<dict>
				<key>explicitFileType</key>
				<string>sourcecode.cpp.cpp</string>
				<key>fileEncoding</key>
				<string>4</string>
				<key>isa</key>
				<string>PBXFileReference</string>
				<key>name</key>
				<string>tinyxml.cpp</string>
				<key>path</key>
				<string>../../../../../openFrameworks/addons/ofxXmlSettings/libs/tinyxml.cpp</string>
				<key>sourceTree</key>
				<string>SOURCE_ROOT</string>
			</dict>
			<key>800E86EA89A89CB2821BC6DD</key>
			<dict>
				<key>fileRef</key>
				<string>C6491D73BFF7EDF7A34F9332</string>
				<key>isa</key>
				<string>PBXBuildFile</string>
			</dict>
			<key>C6491D73BFF7EDF7A34F9332</key>
			<dict>
				<key>explicitFileType</key>
				<string>sourcecode.cpp.cpp</string>
				<key>fileEncoding</key>
				<string>4</string>
				<key>isa</key>
				<string>PBXFileReference</string>
				<key>name</key>
				<string>tinyxmlerror.cpp</string>
				<key>path</key>
				<string>../../../../../openFrameworks/addons/ofxXmlSettings/libs/tinyxmlerror.cpp</string>
				<key>sourceTree</key>
				<string>SOURCE_ROOT</string>
			</dict>
			<key>29D0996AE89B3B9854EDF7BD</key>
			<dict>
				<key>fileRef</key>
				<string>958F97CD1405E743975681DA</string>
				<key>isa</key>
				<string>PBXBuildFile</string>
			</dict>
			<key>958F97CD1405E743975681DA</key>
			<dict>
				<key>explicitFileType</key>
				<string>sourcecode.cpp.cpp</string>
				<key>fileEncoding</key>
				<string>4</string>
				<key>isa</key>
				<string>PBXFileReference</string>
				<key>name</key>
				<string>tinyxmlparser.cpp</string>
				<key>path</key>
				<string>../../../../../openFrameworks/addons/ofxXmlSettings/libs/tinyxmlparser.cpp</string>
				<key>sourceTree</key>
				<string>SOURCE_ROOT</string>
			</dict>
			<key>6E54289412D2D94F45A05113</key>
			<dict>
				<key>children</key>
				<array>
					<string>38B9395324F2946A6B0CF004</string>
					<string>958F97CD1405E743975681DA</string>
					<string>C6491D73BFF7EDF7A34F9332</string>
					<string>928AE16B31F2765D4D883259</string>
				</array>
				<key>isa</key>
				<string>PBXGroup</string>
				<key>name</key>
				<string>libs</string>
				<key>sourceTree</key>
				<string>&lt;group&gt;</string>
			</dict>
			<key>38B9395324F2946A6B0CF004</key>
			<dict>
				<key>explicitFileType</key>
				<string>sourcecode.c.h</string>
				<key>fileEncoding</key>
				<string>4</string>
				<key>isa</key>
				<string>PBXFileReference</string>
				<key>name</key>
				<string>tinyxml.h</string>
				<key>path</key>
				<string>../../../../../openFrameworks/addons/ofxXmlSettings/libs/tinyxml.h</string>
				<key>sourceTree</key>
				<string>SOURCE_ROOT</string>
			</dict>
			<key>321BA77CA118825099B3645D</key>
			<dict>
				<key>explicitFileType</key>
				<string>sourcecode.c.h</string>
				<key>fileEncoding</key>
				<string>4</string>
				<key>isa</key>
				<string>PBXFileReference</string>
				<key>name</key>
				<string>ofxXmlSettings.h</string>
				<key>path</key>
				<string>../../../../../openFrameworks/addons/ofxXmlSettings/src/ofxXmlSettings.h</string>
				<key>sourceTree</key>
				<string>SOURCE_ROOT</string>
			</dict>
			<key>6ECEF0D76BC33727823EADFF</key>
			<dict>
				<key>children</key>
				<array>
					<string>AB7FF5B6A06A5428A58D1050</string>
					<string>321BA77CA118825099B3645D</string>
				</array>
				<key>isa</key>
				<string>PBXGroup</string>
				<key>name</key>
				<string>src</string>
				<key>sourceTree</key>
				<string>&lt;group&gt;</string>
			</dict>
			<key>1F4FB5C423662B96ADFDCC0B</key>
			<dict>
				<key>children</key>
				<array>
					<string>6ECEF0D76BC33727823EADFF</string>
					<string>6E54289412D2D94F45A05113</string>
				</array>
				<key>isa</key>
				<string>PBXGroup</string>
				<key>name</key>
				<string>ofxXmlSettings</string>
				<key>sourceTree</key>
				<string>&lt;group&gt;</string>
			</dict>
			<key>EAF44EAA574E00109053FFD7</key>
			<dict>
				<key>fileRef</key>
				<string>AB7FF5B6A06A5428A58D1050</string>
				<key>isa</key>
				<string>PBXBuildFile</string>
			</dict>
			<key>AB7FF5B6A06A5428A58D1050</key>
			<dict>
				<key>explicitFileType</key>
				<string>sourcecode.cpp.cpp</string>
				<key>fileEncoding</key>
				<string>4</string>
				<key>isa</key>
				<string>PBXFileReference</string>
				<key>name</key>
				<string>ofxXmlSettings.cpp</string>
				<key>path</key>
				<string>../../../../../openFrameworks/addons/ofxXmlSettings/src/ofxXmlSettings.cpp</string>
				<key>sourceTree</key>
				<string>SOURCE_ROOT</string>
			</dict>
			<key>8B46FAFBEAF6512A8B01D852</key>
			<dict>
				<key>explicitFileType</key>
				<string>sourcecode.c.h</string>
				<key>fileEncoding</key>
				<string>4</string>
				<key>isa</key>
				<string>PBXFileReference</string>
				<key>name</key>
				<string>triangle.h</string>
				<key>path</key>
				<string>../../../../../openFrameworks/addons/ofxTriangleMesh/libs/Triangle/triangle.h</string>
				<key>sourceTree</key>
				<string>SOURCE_ROOT</string>
			</dict>
			<key>7E04D4FAB9708987A9D19718</key>
			<dict>
				<key>children</key>
				<array>
					<string>2DA51A784A7616A2059E42E6</string>
					<string>8B46FAFBEAF6512A8B01D852</string>
				</array>
				<key>isa</key>
				<string>PBXGroup</string>
				<key>name</key>
				<string>Triangle</string>
				<key>sourceTree</key>
				<string>&lt;group&gt;</string>
			</dict>
			<key>FCAA0CCA876CD31F282D632F</key>
			<dict>
				<key>children</key>
				<array>
					<string>7E04D4FAB9708987A9D19718</string>
				</array>
				<key>isa</key>
				<string>PBXGroup</string>
				<key>name</key>
				<string>libs</string>
				<key>sourceTree</key>
				<string>&lt;group&gt;</string>
			</dict>
			<key>14A958D73B2B4FA55DEDAF41</key>
			<dict>
				<key>fileRef</key>
				<string>2DA51A784A7616A2059E42E6</string>
				<key>isa</key>
				<string>PBXBuildFile</string>
			</dict>
			<key>2DA51A784A7616A2059E42E6</key>
			<dict>
				<key>explicitFileType</key>
				<string>sourcecode.cpp.cpp</string>
				<key>fileEncoding</key>
				<string>4</string>
				<key>isa</key>
				<string>PBXFileReference</string>
				<key>name</key>
				<string>triangle.cpp</string>
				<key>path</key>
				<string>../../../../../openFrameworks/addons/ofxTriangleMesh/libs/Triangle/triangle.cpp</string>
				<key>sourceTree</key>
				<string>SOURCE_ROOT</string>
			</dict>
			<key>6557DB19D55F930C91FA73D2</key>
			<dict>
				<key>fileRef</key>
				<string>409957DB0AAD85836C599F4C</string>
				<key>isa</key>
				<string>PBXBuildFile</string>
			</dict>
			<key>409957DB0AAD85836C599F4C</key>
			<dict>
				<key>explicitFileType</key>
				<string>sourcecode.cpp.cpp</string>
				<key>fileEncoding</key>
				<string>4</string>
				<key>isa</key>
				<string>PBXFileReference</string>
				<key>name</key>
				<string>ofxTriangleMesh.cpp</string>
				<key>path</key>
				<string>../../../../../openFrameworks/addons/ofxTriangleMesh/src/ofxTriangleMesh.cpp</string>
				<key>sourceTree</key>
				<string>SOURCE_ROOT</string>
			</dict>
			<key>374C131120F53C04B100FE90</key>
			<dict>
				<key>children</key>
				<array>
					<string>16BA12196FAE859CA9FE4294</string>
					<string>409957DB0AAD85836C599F4C</string>
				</array>
				<key>isa</key>
				<string>PBXGroup</string>
				<key>name</key>
				<string>src</string>
				<key>sourceTree</key>
				<string>&lt;group&gt;</string>
			</dict>
			<key>53BEBF43328554CDA832CC05</key>
			<dict>
				<key>children</key>
				<array>
					<string>374C131120F53C04B100FE90</string>
					<string>FCAA0CCA876CD31F282D632F</string>
				</array>
				<key>isa</key>
				<string>PBXGroup</string>
				<key>name</key>
				<string>ofxTriangleMesh</string>
				<key>sourceTree</key>
				<string>&lt;group&gt;</string>
			</dict>
			<key>16BA12196FAE859CA9FE4294</key>
			<dict>
				<key>explicitFileType</key>
				<string>sourcecode.c.h</string>
				<key>fileEncoding</key>
				<string>4</string>
				<key>isa</key>
				<string>PBXFileReference</string>
				<key>name</key>
				<string>ofxTriangleMesh.h</string>
				<key>path</key>
				<string>../../../../../openFrameworks/addons/ofxTriangleMesh/src/ofxTriangleMesh.h</string>
				<key>sourceTree</key>
				<string>SOURCE_ROOT</string>
			</dict>
			<key>68207C649D061C80EF7C7BE3</key>
			<dict>
				<key>explicitFileType</key>
				<string>sourcecode.c.h</string>
				<key>fileEncoding</key>
				<string>4</string>
				<key>isa</key>
				<string>PBXFileReference</string>
				<key>name</key>
				<string>ofxPanel.h</string>
				<key>path</key>
				<string>../../../../../openFrameworks/addons/ofxGui/src/ofxPanel.h</string>
				<key>sourceTree</key>
				<string>SOURCE_ROOT</string>
			</dict>
			<key>85638CB2AFB259AE76793428</key>
			<dict>
				<key>explicitFileType</key>
				<string>sourcecode.c.h</string>
				<key>fileEncoding</key>
				<string>4</string>
				<key>isa</key>
				<string>PBXFileReference</string>
				<key>name</key>
				<string>ofxColorPicker.h</string>
				<key>path</key>
				<string>../../../../../openFrameworks/addons/ofxGui/src/ofxColorPicker.h</string>
				<key>sourceTree</key>
				<string>SOURCE_ROOT</string>
			</dict>
			<key>925F781B5D4493177F993E68</key>
			<dict>
				<key>fileRef</key>
				<string>A5ECB3CC2973D897C15B83DE</string>
				<key>isa</key>
				<string>PBXBuildFile</string>
			</dict>
			<key>A5ECB3CC2973D897C15B83DE</key>
			<dict>
				<key>explicitFileType</key>
				<string>sourcecode.cpp.cpp</string>
				<key>fileEncoding</key>
				<string>4</string>
				<key>isa</key>
				<string>PBXFileReference</string>
				<key>name</key>
				<string>ofxSlider.cpp</string>
				<key>path</key>
				<string>../../../../../openFrameworks/addons/ofxGui/src/ofxSlider.cpp</string>
				<key>sourceTree</key>
				<string>SOURCE_ROOT</string>
			</dict>
			<key>C8BDF55AB0A8BCB0B5BE4215</key>
			<dict>
				<key>fileRef</key>
				<string>63AE6CFFD18FFAE492C5532B</string>
				<key>isa</key>
				<string>PBXBuildFile</string>
			</dict>
			<key>63AE6CFFD18FFAE492C5532B</key>
			<dict>
				<key>explicitFileType</key>
				<string>sourcecode.cpp.cpp</string>
				<key>fileEncoding</key>
				<string>4</string>
				<key>isa</key>
				<string>PBXFileReference</string>
				<key>name</key>
				<string>ofxPanel.cpp</string>
				<key>path</key>
				<string>../../../../../openFrameworks/addons/ofxGui/src/ofxPanel.cpp</string>
				<key>sourceTree</key>
				<string>SOURCE_ROOT</string>
			</dict>
			<key>36E401E798A5563686A81754</key>
			<dict>
				<key>explicitFileType</key>
				<string>sourcecode.c.h</string>
				<key>fileEncoding</key>
				<string>4</string>
				<key>isa</key>
				<string>PBXFileReference</string>
				<key>name</key>
				<string>ofxSliderGroup.h</string>
				<key>path</key>
				<string>../../../../../openFrameworks/addons/ofxGui/src/ofxSliderGroup.h</string>
				<key>sourceTree</key>
				<string>SOURCE_ROOT</string>
			</dict>
			<key>2DE6185A398AD2928CC41383</key>
			<dict>
				<key>explicitFileType</key>
				<string>sourcecode.c.h</string>
				<key>fileEncoding</key>
				<string>4</string>
				<key>isa</key>
				<string>PBXFileReference</string>
				<key>name</key>
				<string>ofxInputField.h</string>
				<key>path</key>
				<string>../../../../../openFrameworks/addons/ofxGui/src/ofxInputField.h</string>
				<key>sourceTree</key>
				<string>SOURCE_ROOT</string>
			</dict>
			<key>890515979190424BFF5EFBB4</key>
			<dict>
				<key>explicitFileType</key>
				<string>sourcecode.c.h</string>
				<key>fileEncoding</key>
				<string>4</string>
				<key>isa</key>
				<string>PBXFileReference</string>
				<key>name</key>
				<string>ofxLabel.h</string>
				<key>path</key>
				<string>../../../../../openFrameworks/addons/ofxGui/src/ofxLabel.h</string>
				<key>sourceTree</key>
				<string>SOURCE_ROOT</string>
			</dict>
			<key>01B70843DA2B16EE402600E6</key>
			<dict>
				<key>explicitFileType</key>
				<string>sourcecode.c.h</string>
				<key>fileEncoding</key>
				<string>4</string>
				<key>isa</key>
				<string>PBXFileReference</string>
				<key>name</key>
				<string>ofxButton.h</string>
				<key>path</key>
				<string>../../../../../openFrameworks/addons/ofxGui/src/ofxButton.h</string>
				<key>sourceTree</key>
				<string>SOURCE_ROOT</string>
			</dict>
			<key>956B1664351749BAC5F48A7B</key>
			<dict>
				<key>explicitFileType</key>
				<string>sourcecode.c.h</string>
				<key>fileEncoding</key>
				<string>4</string>
				<key>isa</key>
				<string>PBXFileReference</string>
				<key>name</key>
				<string>ofxBaseGui.h</string>
				<key>path</key>
				<string>../../../../../openFrameworks/addons/ofxGui/src/ofxBaseGui.h</string>
				<key>sourceTree</key>
				<string>SOURCE_ROOT</string>
			</dict>
			<key>0C7CFC98605F6685CD083CF3</key>
			<dict>
				<key>explicitFileType</key>
				<string>sourcecode.c.h</string>
				<key>fileEncoding</key>
				<string>4</string>
				<key>isa</key>
				<string>PBXFileReference</string>
				<key>name</key>
				<string>ofxGui.h</string>
				<key>path</key>
				<string>../../../../../openFrameworks/addons/ofxGui/src/ofxGui.h</string>
				<key>sourceTree</key>
				<string>SOURCE_ROOT</string>
			</dict>
			<key>0834A37A7B5B11EA33170E6A</key>
			<dict>
				<key>explicitFileType</key>
				<string>sourcecode.c.h</string>
				<key>fileEncoding</key>
				<string>4</string>
				<key>isa</key>
				<string>PBXFileReference</string>
				<key>name</key>
				<string>ofxSlider.h</string>
				<key>path</key>
				<string>../../../../../openFrameworks/addons/ofxGui/src/ofxSlider.h</string>
				<key>sourceTree</key>
				<string>SOURCE_ROOT</string>
			</dict>
			<key>2888E36560937DE1A3FF3F00</key>
			<dict>
				<key>fileRef</key>
				<string>BBA7FC37D4D4045DA434ADA4</string>
				<key>isa</key>
				<string>PBXBuildFile</string>
			</dict>
			<key>BBA7FC37D4D4045DA434ADA4</key>
			<dict>
				<key>explicitFileType</key>
				<string>sourcecode.cpp.cpp</string>
				<key>fileEncoding</key>
				<string>4</string>
				<key>isa</key>
				<string>PBXFileReference</string>
				<key>name</key>
				<string>ofxLabel.cpp</string>
				<key>path</key>
				<string>../../../../../openFrameworks/addons/ofxGui/src/ofxLabel.cpp</string>
				<key>sourceTree</key>
				<string>SOURCE_ROOT</string>
			</dict>
			<key>2C98E72E90CE9D73D586090B</key>
			<dict>
				<key>explicitFileType</key>
				<string>sourcecode.c.h</string>
				<key>fileEncoding</key>
				<string>4</string>
				<key>isa</key>
				<string>PBXFileReference</string>
				<key>name</key>
				<string>ofxToggle.h</string>
				<key>path</key>
				<string>../../../../../openFrameworks/addons/ofxGui/src/ofxToggle.h</string>
				<key>sourceTree</key>
				<string>SOURCE_ROOT</string>
			</dict>
			<key>B1983C1F9FD95B790619B64F</key>
			<dict>
				<key>fileRef</key>
				<string>ECF7695EF8CF55C2623EE531</string>
				<key>isa</key>
				<string>PBXBuildFile</string>
			</dict>
			<key>ECF7695EF8CF55C2623EE531</key>
			<dict>
				<key>explicitFileType</key>
				<string>sourcecode.cpp.cpp</string>
				<key>fileEncoding</key>
				<string>4</string>
				<key>isa</key>
				<string>PBXFileReference</string>
				<key>name</key>
				<string>ofxInputField.cpp</string>
				<key>path</key>
				<string>../../../../../openFrameworks/addons/ofxGui/src/ofxInputField.cpp</string>
				<key>sourceTree</key>
				<string>SOURCE_ROOT</string>
			</dict>
			<key>B2CE97CBDDE81FE3500E2B38</key>
			<dict>
				<key>fileRef</key>
				<string>C7ED3DC8B7715408BE3D1CA0</string>
				<key>isa</key>
				<string>PBXBuildFile</string>
			</dict>
			<key>C7ED3DC8B7715408BE3D1CA0</key>
			<dict>
				<key>explicitFileType</key>
				<string>sourcecode.cpp.cpp</string>
				<key>fileEncoding</key>
				<string>4</string>
				<key>isa</key>
				<string>PBXFileReference</string>
				<key>name</key>
				<string>ofxGuiGroup.cpp</string>
				<key>path</key>
				<string>../../../../../openFrameworks/addons/ofxGui/src/ofxGuiGroup.cpp</string>
				<key>sourceTree</key>
				<string>SOURCE_ROOT</string>
			</dict>
			<key>6100A175ACF930B48A447049</key>
			<dict>
				<key>fileRef</key>
				<string>8F35CC3BF38E75F59C0F57F4</string>
				<key>isa</key>
				<string>PBXBuildFile</string>
			</dict>
			<key>8F35CC3BF38E75F59C0F57F4</key>
			<dict>
				<key>explicitFileType</key>
				<string>sourcecode.cpp.cpp</string>
				<key>fileEncoding</key>
				<string>4</string>
				<key>isa</key>
				<string>PBXFileReference</string>
				<key>name</key>
				<string>ofxButton.cpp</string>
				<key>path</key>
				<string>../../../../../openFrameworks/addons/ofxGui/src/ofxButton.cpp</string>
				<key>sourceTree</key>
				<string>SOURCE_ROOT</string>
			</dict>
			<key>809DA2CB9BDB103B8813E765</key>
			<dict>
				<key>fileRef</key>
				<string>C0221D3CF41EB4170C622B8F</string>
				<key>isa</key>
				<string>PBXBuildFile</string>
			</dict>
			<key>C0221D3CF41EB4170C622B8F</key>
			<dict>
				<key>explicitFileType</key>
				<string>sourcecode.cpp.cpp</string>
				<key>fileEncoding</key>
				<string>4</string>
				<key>isa</key>
				<string>PBXFileReference</string>
				<key>name</key>
				<string>ofxToggle.cpp</string>
				<key>path</key>
				<string>../../../../../openFrameworks/addons/ofxGui/src/ofxToggle.cpp</string>
				<key>sourceTree</key>
				<string>SOURCE_ROOT</string>
			</dict>
			<key>344FE26ED74BE1527E7878F4</key>
			<dict>
				<key>fileRef</key>
				<string>834208C063DF7162C675E354</string>
				<key>isa</key>
				<string>PBXBuildFile</string>
			</dict>
			<key>834208C063DF7162C675E354</key>
			<dict>
				<key>explicitFileType</key>
				<string>sourcecode.cpp.cpp</string>
				<key>fileEncoding</key>
				<string>4</string>
				<key>isa</key>
				<string>PBXFileReference</string>
				<key>name</key>
				<string>ofxSliderGroup.cpp</string>
				<key>path</key>
				<string>../../../../../openFrameworks/addons/ofxGui/src/ofxSliderGroup.cpp</string>
				<key>sourceTree</key>
				<string>SOURCE_ROOT</string>
			</dict>
			<key>7A1E93D5FFAFE3DF21DCF3BC</key>
			<dict>
				<key>fileRef</key>
				<string>73A28DA07B93BDF8AC2A8703</string>
				<key>isa</key>
				<string>PBXBuildFile</string>
			</dict>
			<key>73A28DA07B93BDF8AC2A8703</key>
			<dict>
				<key>explicitFileType</key>
				<string>sourcecode.cpp.cpp</string>
				<key>fileEncoding</key>
				<string>4</string>
				<key>isa</key>
				<string>PBXFileReference</string>
				<key>name</key>
				<string>ofxColorPicker.cpp</string>
				<key>path</key>
				<string>../../../../../openFrameworks/addons/ofxGui/src/ofxColorPicker.cpp</string>
				<key>sourceTree</key>
				<string>SOURCE_ROOT</string>
			</dict>
			<key>87C59154092DD65699FE2106</key>
			<dict>
				<key>fileRef</key>
				<string>ABDC771E1DF0C830589EC47B</string>
				<key>isa</key>
				<string>PBXBuildFile</string>
			</dict>
			<key>ABDC771E1DF0C830589EC47B</key>
			<dict>
				<key>explicitFileType</key>
				<string>sourcecode.cpp.cpp</string>
				<key>fileEncoding</key>
				<string>4</string>
				<key>isa</key>
				<string>PBXFileReference</string>
				<key>name</key>
				<string>ofxBaseGui.cpp</string>
				<key>path</key>
				<string>../../../../../openFrameworks/addons/ofxGui/src/ofxBaseGui.cpp</string>
				<key>sourceTree</key>
				<string>SOURCE_ROOT</string>
			</dict>
			<key>A763ED608B35AE3310251DEE</key>
			<dict>
				<key>children</key>
				<array>
					<string>9C6DBCE08BBF9F748FA35D8D</string>
					<string>ABDC771E1DF0C830589EC47B</string>
					<string>73A28DA07B93BDF8AC2A8703</string>
					<string>834208C063DF7162C675E354</string>
					<string>C0221D3CF41EB4170C622B8F</string>
					<string>8F35CC3BF38E75F59C0F57F4</string>
					<string>C7ED3DC8B7715408BE3D1CA0</string>
					<string>ECF7695EF8CF55C2623EE531</string>
					<string>2C98E72E90CE9D73D586090B</string>
					<string>BBA7FC37D4D4045DA434ADA4</string>
					<string>0834A37A7B5B11EA33170E6A</string>
					<string>0C7CFC98605F6685CD083CF3</string>
					<string>956B1664351749BAC5F48A7B</string>
					<string>01B70843DA2B16EE402600E6</string>
					<string>890515979190424BFF5EFBB4</string>
					<string>2DE6185A398AD2928CC41383</string>
					<string>36E401E798A5563686A81754</string>
					<string>63AE6CFFD18FFAE492C5532B</string>
					<string>A5ECB3CC2973D897C15B83DE</string>
					<string>85638CB2AFB259AE76793428</string>
					<string>68207C649D061C80EF7C7BE3</string>
				</array>
				<key>isa</key>
				<string>PBXGroup</string>
				<key>name</key>
				<string>src</string>
				<key>sourceTree</key>
				<string>&lt;group&gt;</string>
			</dict>
			<key>480A780D8D0308AE4A368801</key>
			<dict>
				<key>children</key>
				<array>
					<string>A763ED608B35AE3310251DEE</string>
				</array>
				<key>isa</key>
				<string>PBXGroup</string>
				<key>name</key>
				<string>ofxGui</string>
				<key>sourceTree</key>
				<string>&lt;group&gt;</string>
			</dict>
			<key>9C6DBCE08BBF9F748FA35D8D</key>
			<dict>
				<key>explicitFileType</key>
				<string>sourcecode.c.h</string>
				<key>fileEncoding</key>
				<string>4</string>
				<key>isa</key>
				<string>PBXFileReference</string>
				<key>name</key>
				<string>ofxGuiGroup.h</string>
				<key>path</key>
				<string>../../../../../openFrameworks/addons/ofxGui/src/ofxGuiGroup.h</string>
				<key>sourceTree</key>
				<string>SOURCE_ROOT</string>
			</dict>
			<key>6948EE371B920CB800B5AC1A</key>
			<dict>
				<key>children</key>
				<array />
				<key>isa</key>
				<string>PBXGroup</string>
				<key>name</key>
				<string>local_addons</string>
				<key>sourceTree</key>
				<string>&lt;group&gt;</string>
			</dict>
			<key>8466F1851C04CA0E00918B1C</key>
			<dict>
				<key>buildActionMask</key>
				<string>12</string>
				<key>files</key>
				<array />
				<key>inputPaths</key>
				<array />
				<key>isa</key>
				<string>PBXShellScriptBuildPhase</string>
				<key>outputPaths</key>
				<array />
				<key>runOnlyForDeploymentPostprocessing</key>
				<string>0</string>
				<key>shellPath</key>
				<string>/bin/sh</string>
				<key>shellScript</key>
				<string>echo "$GCC_PREPROCESSOR_DEFINITIONS";
APPSTORE=`expr "$GCC_PREPROCESSOR_DEFINITIONS" : ".*APPSTORE=\([0-9]*\)"`
if [ -z "$APPSTORE" ] ; then
echo "Note: Not copying bin/data to App Package or doing App Code signing. Use AppStore target for AppStore distribution";
else
# Copy bin/data into App/Resources
rsync -avz --exclude='.DS_Store' "${SRCROOT}/bin/data/" "${TARGET_BUILD_DIR}/${UNLOCALIZED_RESOURCES_FOLDER_PATH}/data/"

# ---- Code Sign App Package ----

# WARNING: You may have to run Clean in Xcode after changing CODE_SIGN_IDENTITY!

# Verify that $CODE_SIGN_IDENTITY is set
if [ -z "${CODE_SIGN_IDENTITY}" ] ; then
echo "CODE_SIGN_IDENTITY needs to be set for framework code-signing"
exit 0
fi

if [ -z "${CODE_SIGN_ENTITLEMENTS}" ] ; then
echo "CODE_SIGN_ENTITLEMENTS needs to be set for framework code-signing!"

if [ "${CONFIGURATION}" = "Release" ] ; then
exit 1
else
# Code-signing is optional for non-release builds.
exit 0
fi
fi

ITEMS=""

FRAMEWORKS_DIR="${TARGET_BUILD_DIR}/${FRAMEWORKS_FOLDER_PATH}"
echo "$FRAMEWORKS_DIR"
if [ -d "$FRAMEWORKS_DIR" ] ; then
FRAMEWORKS=$(find "${FRAMEWORKS_DIR}" -depth -type d -name "*.framework" -or -name "*.dylib" -or -name "*.bundle" | sed -e "s/\(.*framework\)/\1\/Versions\/A\//")
RESULT=$?
if [[ $RESULT != 0 ]] ; then
exit 1
fi

ITEMS="${FRAMEWORKS}"
fi

LOGINITEMS_DIR="${TARGET_BUILD_DIR}/${CONTENTS_FOLDER_PATH}/Library/LoginItems/"
if [ -d "$LOGINITEMS_DIR" ] ; then
LOGINITEMS=$(find "${LOGINITEMS_DIR}" -depth -type d -name "*.app")
RESULT=$?
if [[ $RESULT != 0 ]] ; then
exit 1
fi

ITEMS="${ITEMS}"$'\n'"${LOGINITEMS}"
fi

# Prefer the expanded name, if available.
CODE_SIGN_IDENTITY_FOR_ITEMS="${EXPANDED_CODE_SIGN_IDENTITY_NAME}"
if [ "${CODE_SIGN_IDENTITY_FOR_ITEMS}" = "" ] ; then
# Fall back to old behavior.
CODE_SIGN_IDENTITY_FOR_ITEMS="${CODE_SIGN_IDENTITY}"
fi

echo "Identity:"
echo "${CODE_SIGN_IDENTITY_FOR_ITEMS}"

echo "Entitlements:"
echo "${CODE_SIGN_ENTITLEMENTS}"

echo "Found:"
echo "${ITEMS}"

# Change the Internal Field Separator (IFS) so that spaces in paths will not cause problems below.
SAVED_IFS=$IFS
IFS=$(echo -en "\n\b")

# Loop through all items.
for ITEM in $ITEMS;
do
echo "Signing '${ITEM}'"
codesign --force --verbose --sign "${CODE_SIGN_IDENTITY_FOR_ITEMS}" --entitlements "${CODE_SIGN_ENTITLEMENTS}" "${ITEM}"
RESULT=$?
if [[ $RESULT != 0 ]] ; then
echo "Failed to sign '${ITEM}'."
IFS=$SAVED_IFS
exit 1
fi
done

# Restore $IFS.
IFS=$SAVED_IFS

fi
</string>
			</dict>
			<key>99FA3DBB1C7456C400CFA0EE</key>
			<dict>
				<key>baseConfigurationReference</key>
				<string>E4EB6923138AFD0F00A09F29</string>
				<key>buildSettings</key>
				<dict>
					<key>HEADER_SEARCH_PATHS</key>
					<array>
						<string>$(OF_CORE_HEADERS)</string>
						<string>../../../../../openFrameworks/addons/ofxGui/src</string>
						<string>../../../../../openFrameworks/addons/ofxTriangleMesh/libs</string>
						<string>../../../../../openFrameworks/addons/ofxTriangleMesh/libs/Triangle</string>
						<string>../../../../../openFrameworks/addons/ofxTriangleMesh/src</string>
						<string>../../../../../openFrameworks/addons/ofxXmlSettings/libs</string>
						<string>../../../../../openFrameworks/addons/ofxXmlSettings/src</string>
					</array>
					<key>CONFIGURATION_BUILD_DIR</key>
					<string>$(SRCROOT)/bin/</string>
					<key>COPY_PHASE_STRIP</key>
					<string>YES</string>
					<key>DEAD_CODE_STRIPPING</key>
					<string>YES</string>
					<key>GCC_AUTO_VECTORIZATION</key>
					<string>YES</string>
					<key>GCC_ENABLE_SSE3_EXTENSIONS</key>
					<string>YES</string>
					<key>GCC_ENABLE_SUPPLEMENTAL_SSE3_INSTRUCTIONS</key>
					<string>YES</string>
					<key>GCC_INLINES_ARE_PRIVATE_EXTERN</key>
					<string>NO</string>
					<key>GCC_OPTIMIZATION_LEVEL</key>
					<string>3</string>
					<key>GCC_PREPROCESSOR_DEFINITIONS[arch=*]</key>
					<string>DISTRIBUTION=1</string>
					<key>GCC_SYMBOLS_PRIVATE_EXTERN</key>
					<string>NO</string>
					<key>GCC_UNROLL_LOOPS</key>
					<string>YES</string>
					<key>GCC_WARN_ABOUT_DEPRECATED_FUNCTIONS</key>
					<string>YES</string>
					<key>GCC_WARN_ABOUT_INVALID_OFFSETOF_MACRO</key>
					<string>NO</string>
					<key>GCC_WARN_ALLOW_INCOMPLETE_PROTOCOL</key>
					<string>NO</string>
					<key>GCC_WARN_UNINITIALIZED_AUTOS</key>
					<string>NO</string>
					<key>GCC_WARN_UNUSED_VALUE</key>
					<string>NO</string>
					<key>GCC_WARN_UNUSED_VARIABLE</key>
					<string>NO</string>
					<key>MACOSX_DEPLOYMENT_TARGET</key>
					<string>10.9</string>
					<key>OTHER_CPLUSPLUSFLAGS</key>
					<array>
						<string>-D__MACOSX_CORE__</string>
						<string>-mtune=native</string>
					</array>
					<key>SDKROOT</key>
					<string>macosx</string>
				</dict>
				<key>isa</key>
				<string>XCBuildConfiguration</string>
				<key>name</key>
				<string>AppStore</string>
			</dict>
			<key>99FA3DBC1C7456C400CFA0EE</key>
			<dict>
				<key>baseConfigurationReference</key>
				<string>E4EB6923138AFD0F00A09F29</string>
				<key>buildSettings</key>
				<dict>
					<key>HEADER_SEARCH_PATHS</key>
					<array>
						<string>$(OF_CORE_HEADERS)</string>
						<string>../../../../../openFrameworks/addons/ofxGui/src</string>
						<string>../../../../../openFrameworks/addons/ofxTriangleMesh/libs</string>
						<string>../../../../../openFrameworks/addons/ofxTriangleMesh/libs/Triangle</string>
						<string>../../../../../openFrameworks/addons/ofxTriangleMesh/src</string>
						<string>../../../../../openFrameworks/addons/ofxXmlSettings/libs</string>
						<string>../../../../../openFrameworks/addons/ofxXmlSettings/src</string>
					</array>
					<key>COMBINE_HIDPI_IMAGES</key>
					<string>YES</string>
					<key>COPY_PHASE_STRIP</key>
					<string>YES</string>
					<key>FRAMEWORK_SEARCH_PATHS</key>
					<array>
						<string>$(inherited)</string>
					</array>
					<key>GCC_GENERATE_DEBUGGING_SYMBOLS</key>
					<string>YES</string>
					<key>GCC_MODEL_TUNING</key>
					<string>NONE</string>
					<key>GCC_PREPROCESSOR_DEFINITIONS[arch=*]</key>
					<string>APPSTORE=1</string>
					<key>ICON</key>
					<string>$(ICON_NAME_RELEASE)</string>
					<key>ICON_FILE</key>
					<string>$(ICON_FILE_PATH)$(ICON)</string>
					<key>INFOPLIST_FILE</key>
					<string>openFrameworks-Info.plist</string>
					<key>INSTALL_PATH</key>
					<string>/Applications</string>
					<key>LIBRARY_SEARCH_PATHS</key>
					<string>$(inherited)</string>
					<key>PRODUCT_NAME</key>
					<string>$(TARGET_NAME)</string>
					<key>WRAPPER_EXTENSION</key>
					<string>app</string>
					<key>baseConfigurationReference</key>
					<string>E4EB6923138AFD0F00A09F29</string>
				</dict>
				<key>isa</key>
				<string>XCBuildConfiguration</string>
				<key>name</key>
				<string>AppStore</string>
			</dict>
			<key>BB4B014C10F69532006C3DED</key>
			<dict>
				<key>children</key>
				<array>
					<string>480A780D8D0308AE4A368801</string>
					<string>53BEBF43328554CDA832CC05</string>
					<string>1F4FB5C423662B96ADFDCC0B</string>
				</array>
				<key>isa</key>
				<string>PBXGroup</string>
				<key>name</key>
				<string>addons</string>
				<key>sourceTree</key>
				<string>&lt;group&gt;</string>
			</dict>
			<key>E4328143138ABC890047C5CB</key>
			<dict>
				<key>isa</key>
				<string>PBXFileReference</string>
				<key>lastKnownFileType</key>
				<string>wrapper.pb-project</string>
				<key>name</key>
				<string>openFrameworksLib.xcodeproj</string>
				<key>path</key>
				<string>../../../../../openFrameworks/libs/openFrameworksCompiled/project/osx/openFrameworksLib.xcodeproj</string>
				<key>sourceTree</key>
				<string>SOURCE_ROOT</string>
			</dict>
			<key>E4328144138ABC890047C5CB</key>
			<dict>
				<key>children</key>
				<array>
					<string>E4328148138ABC890047C5CB</string>
				</array>
				<key>isa</key>
				<string>PBXGroup</string>
				<key>name</key>
				<string>Products</string>
				<key>sourceTree</key>
				<string>&lt;group&gt;</string>
			</dict>
			<key>E4328147138ABC890047C5CB</key>
			<dict>
				<key>containerPortal</key>
				<string>E4328143138ABC890047C5CB</string>
				<key>isa</key>
				<string>PBXContainerItemProxy</string>
				<key>proxyType</key>
				<string>2</string>
				<key>remoteGlobalIDString</key>
				<string>E4B27C1510CBEB8E00536013</string>
				<key>remoteInfo</key>
				<string>openFrameworks</string>
			</dict>
			<key>E4328148138ABC890047C5CB</key>
			<dict>
				<key>fileType</key>
				<string>archive.ar</string>
				<key>isa</key>
				<string>PBXReferenceProxy</string>
				<key>path</key>
				<string>openFrameworksDebug.a</string>
				<key>remoteRef</key>
				<string>E4328147138ABC890047C5CB</string>
				<key>sourceTree</key>
				<string>BUILT_PRODUCTS_DIR</string>
			</dict>
			<key>E4328149138ABC9F0047C5CB</key>
			<dict>
				<key>fileRef</key>
				<string>E4328148138ABC890047C5CB</string>
				<key>isa</key>
				<string>PBXBuildFile</string>
			</dict>
			<key>E4B69B4A0A3A1720003C02F2</key>
			<dict>
				<key>children</key>
				<array>
					<string>E4B6FCAD0C3E899E008CF71C</string>
					<string>E4EB6923138AFD0F00A09F29</string>
					<string>E4B69E1C0A3A1BDC003C02F2</string>
					<string>E4EEC9E9138DF44700A80321</string>
					<string>BB4B014C10F69532006C3DED</string>
					<string>6948EE371B920CB800B5AC1A</string>
					<string>E4B69B5B0A3A1756003C02F2</string>
				</array>
				<key>isa</key>
				<string>PBXGroup</string>
				<key>sourceTree</key>
				<string>&lt;group&gt;</string>
			</dict>
			<key>E4B69B4C0A3A1720003C02F2</key>
			<dict>
				<key>attributes</key>
				<dict>
					<key>LastUpgradeCheck</key>
					<string>0600</string>
				</dict>
				<key>buildConfigurationList</key>
				<string>E4B69B4D0A3A1720003C02F2</string>
				<key>compatibilityVersion</key>
				<string>Xcode 3.2</string>
				<key>developmentRegion</key>
				<string>English</string>
				<key>hasScannedForEncodings</key>
				<string>0</string>
				<key>isa</key>
				<string>PBXProject</string>
				<key>knownRegions</key>
				<array>
					<string>English</string>
					<string>Japanese</string>
					<string>French</string>
					<string>German</string>
				</array>
				<key>mainGroup</key>
				<string>E4B69B4A0A3A1720003C02F2</string>
				<key>productRefGroup</key>
				<string>E4B69B4A0A3A1720003C02F2</string>
				<key>projectDirPath</key>
				<string />
				<key>projectReferences</key>
				<array>
					<dict>
						<key>ProductGroup</key>
						<string>E4328144138ABC890047C5CB</string>
						<key>ProjectRef</key>
						<string>E4328143138ABC890047C5CB</string>
					</dict>
				</array>
				<key>projectRoot</key>
				<string />
				<key>targets</key>
				<array>
					<string>E4B69B5A0A3A1756003C02F2</string>
				</array>
			</dict>
			<key>E4B69B4D0A3A1720003C02F2</key>
			<dict>
				<key>buildConfigurations</key>
				<array>
					<string>E4B69B4E0A3A1720003C02F2</string>
					<string>E4B69B4F0A3A1720003C02F2</string>
					<string>99FA3DBB1C7456C400CFA0EE</string>
				</array>
				<key>defaultConfigurationIsVisible</key>
				<string>0</string>
				<key>defaultConfigurationName</key>
				<string>Release</string>
				<key>isa</key>
				<string>XCConfigurationList</string>
			</dict>
			<key>E4B69B4E0A3A1720003C02F2</key>
			<dict>
				<key>baseConfigurationReference</key>
				<string>E4EB6923138AFD0F00A09F29</string>
				<key>buildSettings</key>
				<dict>
					<key>HEADER_SEARCH_PATHS</key>
					<array>
						<string>$(OF_CORE_HEADERS)</string>
						<string>../../../../../openFrameworks/addons/ofxGui/src</string>
						<string>../../../../../openFrameworks/addons/ofxTriangleMesh/libs</string>
						<string>../../../../../openFrameworks/addons/ofxTriangleMesh/libs/Triangle</string>
						<string>../../../../../openFrameworks/addons/ofxTriangleMesh/src</string>
						<string>../../../../../openFrameworks/addons/ofxXmlSettings/libs</string>
						<string>../../../../../openFrameworks/addons/ofxXmlSettings/src</string>
					</array>
					<key>CONFIGURATION_BUILD_DIR</key>
					<string>$(SRCROOT)/bin/</string>
					<key>COPY_PHASE_STRIP</key>
					<string>NO</string>
					<key>DEAD_CODE_STRIPPING</key>
					<string>YES</string>
					<key>GCC_AUTO_VECTORIZATION</key>
					<string>YES</string>
					<key>GCC_ENABLE_SSE3_EXTENSIONS</key>
					<string>YES</string>
					<key>GCC_ENABLE_SUPPLEMENTAL_SSE3_INSTRUCTIONS</key>
					<string>YES</string>
					<key>GCC_INLINES_ARE_PRIVATE_EXTERN</key>
					<string>NO</string>
					<key>GCC_OPTIMIZATION_LEVEL</key>
					<string>0</string>
					<key>GCC_SYMBOLS_PRIVATE_EXTERN</key>
					<string>NO</string>
					<key>GCC_WARN_ABOUT_DEPRECATED_FUNCTIONS</key>
					<string>YES</string>
					<key>GCC_WARN_ABOUT_INVALID_OFFSETOF_MACRO</key>
					<string>NO</string>
					<key>GCC_WARN_ALLOW_INCOMPLETE_PROTOCOL</key>
					<string>NO</string>
					<key>GCC_WARN_UNINITIALIZED_AUTOS</key>
					<string>NO</string>
					<key>GCC_WARN_UNUSED_VALUE</key>
					<string>NO</string>
					<key>GCC_WARN_UNUSED_VARIABLE</key>
					<string>NO</string>
					<key>MACOSX_DEPLOYMENT_TARGET</key>
					<string>10.9</string>
					<key>ONLY_ACTIVE_ARCH</key>
					<string>YES</string>
					<key>OTHER_CPLUSPLUSFLAGS</key>
					<array>
						<string>-D__MACOSX_CORE__</string>
						<string>-mtune=native</string>
					</array>
					<key>SDKROOT</key>
					<string>macosx</string>
				</dict>
				<key>isa</key>
				<string>XCBuildConfiguration</string>
				<key>name</key>
				<string>Debug</string>
			</dict>
			<key>E4B69B4F0A3A1720003C02F2</key>
			<dict>
				<key>baseConfigurationReference</key>
				<string>E4EB6923138AFD0F00A09F29</string>
				<key>buildSettings</key>
				<dict>
					<key>HEADER_SEARCH_PATHS</key>
					<array>
						<string>$(OF_CORE_HEADERS)</string>
						<string>../../../../../openFrameworks/addons/ofxGui/src</string>
						<string>../../../../../openFrameworks/addons/ofxTriangleMesh/libs</string>
						<string>../../../../../openFrameworks/addons/ofxTriangleMesh/libs/Triangle</string>
						<string>../../../../../openFrameworks/addons/ofxTriangleMesh/src</string>
						<string>../../../../../openFrameworks/addons/ofxXmlSettings/libs</string>
						<string>../../../../../openFrameworks/addons/ofxXmlSettings/src</string>
					</array>
					<key>CONFIGURATION_BUILD_DIR</key>
					<string>$(SRCROOT)/bin/</string>
					<key>COPY_PHASE_STRIP</key>
					<string>YES</string>
					<key>DEAD_CODE_STRIPPING</key>
					<string>YES</string>
					<key>GCC_AUTO_VECTORIZATION</key>
					<string>YES</string>
					<key>GCC_ENABLE_SSE3_EXTENSIONS</key>
					<string>YES</string>
					<key>GCC_ENABLE_SUPPLEMENTAL_SSE3_INSTRUCTIONS</key>
					<string>YES</string>
					<key>GCC_INLINES_ARE_PRIVATE_EXTERN</key>
					<string>NO</string>
					<key>GCC_OPTIMIZATION_LEVEL</key>
					<string>3</string>
					<key>GCC_SYMBOLS_PRIVATE_EXTERN</key>
					<string>NO</string>
					<key>GCC_UNROLL_LOOPS</key>
					<string>YES</string>
					<key>GCC_WARN_ABOUT_DEPRECATED_FUNCTIONS</key>
					<string>YES</string>
					<key>GCC_WARN_ABOUT_INVALID_OFFSETOF_MACRO</key>
					<string>NO</string>
					<key>GCC_WARN_ALLOW_INCOMPLETE_PROTOCOL</key>
					<string>NO</string>
					<key>GCC_WARN_UNINITIALIZED_AUTOS</key>
					<string>NO</string>
					<key>GCC_WARN_UNUSED_VALUE</key>
					<string>NO</string>
					<key>GCC_WARN_UNUSED_VARIABLE</key>
					<string>NO</string>
					<key>MACOSX_DEPLOYMENT_TARGET</key>
					<string>10.9</string>
					<key>OTHER_CPLUSPLUSFLAGS</key>
					<array>
						<string>-D__MACOSX_CORE__</string>
						<string>-mtune=native</string>
					</array>
					<key>SDKROOT</key>
					<string>macosx</string>
				</dict>
				<key>isa</key>
				<string>XCBuildConfiguration</string>
				<key>name</key>
				<string>Release</string>
			</dict>
			<key>E4B69B580A3A1756003C02F2</key>
			<dict>
				<key>buildActionMask</key>
				<string>2147483647</string>
				<key>files</key>
				<array>
					<string>E4B69E200A3A1BDC003C02F2</string>
					<string>E4B69E210A3A1BDC003C02F2</string>
					<string>87C59154092DD65699FE2106</string>
					<string>7A1E93D5FFAFE3DF21DCF3BC</string>
					<string>344FE26ED74BE1527E7878F4</string>
					<string>809DA2CB9BDB103B8813E765</string>
					<string>6100A175ACF930B48A447049</string>
					<string>B2CE97CBDDE81FE3500E2B38</string>
					<string>B1983C1F9FD95B790619B64F</string>
					<string>2888E36560937DE1A3FF3F00</string>
					<string>C8BDF55AB0A8BCB0B5BE4215</string>
					<string>925F781B5D4493177F993E68</string>
					<string>6557DB19D55F930C91FA73D2</string>
					<string>14A958D73B2B4FA55DEDAF41</string>
					<string>EAF44EAA574E00109053FFD7</string>
					<string>29D0996AE89B3B9854EDF7BD</string>
					<string>800E86EA89A89CB2821BC6DD</string>
					<string>8C4845EB5C3C67BEFA12BC3F</string>
				</array>
				<key>isa</key>
				<string>PBXSourcesBuildPhase</string>
				<key>runOnlyForDeploymentPostprocessing</key>
				<string>0</string>
			</dict>
			<key>E4B69B590A3A1756003C02F2</key>
			<dict>
				<key>buildActionMask</key>
				<string>2147483647</string>
				<key>files</key>
				<array>
					<string>E4328149138ABC9F0047C5CB</string>
				</array>
				<key>isa</key>
				<string>PBXFrameworksBuildPhase</string>
				<key>runOnlyForDeploymentPostprocessing</key>
				<string>0</string>
			</dict>
			<key>E4B69B5A0A3A1756003C02F2</key>
			<dict>
				<key>buildConfigurationList</key>
				<string>E4B69B5F0A3A1757003C02F2</string>
				<key>buildPhases</key>
				<array>
					<string>E4B69B580A3A1756003C02F2</string>
					<string>E4B69B590A3A1756003C02F2</string>
					<string>E4B6FFFD0C3F9AB9008CF71C</string>
					<string>E4C2427710CC5ABF004149E2</string>
					<string>8466F1851C04CA0E00918B1C</string>
				</array>
				<key>buildRules</key>
				<array />
				<key>dependencies</key>
				<array>
					<string>E4EEB9AC138B136A00A80321</string>
				</array>
				<key>isa</key>
				<string>PBXNativeTarget</string>
				<key>name</key>
				<string>peerWorkshop</string>
				<key>productName</key>
				<string>myOFApp</string>
				<key>productReference</key>
				<string>E4B69B5B0A3A1756003C02F2</string>
				<key>productType</key>
				<string>com.apple.product-type.application</string>
			</dict>
			<key>E4B69B5B0A3A1756003C02F2</key>
			<dict>
				<key>explicitFileType</key>
				<string>wrapper.application</string>
				<key>includeInIndex</key>
				<string>0</string>
				<key>isa</key>
				<string>PBXFileReference</string>
				<key>path</key>
				<string>peerWorkshopDebug.app</string>
				<key>sourceTree</key>
				<string>BUILT_PRODUCTS_DIR</string>
			</dict>
			<key>E4B69B5F0A3A1757003C02F2</key>
			<dict>
				<key>buildConfigurations</key>
				<array>
					<string>E4B69B600A3A1757003C02F2</string>
					<string>E4B69B610A3A1757003C02F2</string>
					<string>99FA3DBC1C7456C400CFA0EE</string>
				</array>
				<key>defaultConfigurationIsVisible</key>
				<string>0</string>
				<key>defaultConfigurationName</key>
				<string>Release</string>
				<key>isa</key>
				<string>XCConfigurationList</string>
			</dict>
			<key>E4B69B600A3A1757003C02F2</key>
			<dict>
				<key>baseConfigurationReference</key>
				<string>E4EB6923138AFD0F00A09F29</string>
				<key>buildSettings</key>
				<dict>
					<key>HEADER_SEARCH_PATHS</key>
					<array>
						<string>$(OF_CORE_HEADERS)</string>
						<string>../../../../../openFrameworks/addons/ofxGui/src</string>
						<string>../../../../../openFrameworks/addons/ofxTriangleMesh/libs</string>
						<string>../../../../../openFrameworks/addons/ofxTriangleMesh/libs/Triangle</string>
						<string>../../../../../openFrameworks/addons/ofxTriangleMesh/src</string>
						<string>../../../../../openFrameworks/addons/ofxXmlSettings/libs</string>
						<string>../../../../../openFrameworks/addons/ofxXmlSettings/src</string>
					</array>
					<key>COMBINE_HIDPI_IMAGES</key>
					<string>YES</string>
					<key>COPY_PHASE_STRIP</key>
					<string>NO</string>
					<key>FRAMEWORK_SEARCH_PATHS</key>
					<array>
						<string>$(inherited)</string>
					</array>
					<key>GCC_DYNAMIC_NO_PIC</key>
					<string>NO</string>
					<key>GCC_GENERATE_DEBUGGING_SYMBOLS</key>
					<string>YES</string>
					<key>GCC_MODEL_TUNING</key>
					<string>NONE</string>
					<key>ICON</key>
					<string>$(ICON_NAME_DEBUG)</string>
					<key>ICON_FILE</key>
					<string>$(ICON_FILE_PATH)$(ICON)</string>
					<key>INFOPLIST_FILE</key>
					<string>openFrameworks-Info.plist</string>
					<key>INSTALL_PATH</key>
					<string>/Applications</string>
					<key>LIBRARY_SEARCH_PATHS</key>
					<string>$(inherited)</string>
					<key>PRODUCT_NAME</key>
					<string>$(TARGET_NAME)Debug</string>
					<key>WRAPPER_EXTENSION</key>
					<string>app</string>
				</dict>
				<key>isa</key>
				<string>XCBuildConfiguration</string>
				<key>name</key>
				<string>Debug</string>
			</dict>
			<key>E4B69B610A3A1757003C02F2</key>
			<dict>
				<key>baseConfigurationReference</key>
				<string>E4EB6923138AFD0F00A09F29</string>
				<key>buildSettings</key>
				<dict>
					<key>HEADER_SEARCH_PATHS</key>
					<array>
						<string>$(OF_CORE_HEADERS)</string>
						<string>../../../../../openFrameworks/addons/ofxGui/src</string>
						<string>../../../../../openFrameworks/addons/ofxTriangleMesh/libs</string>
						<string>../../../../../openFrameworks/addons/ofxTriangleMesh/libs/Triangle</string>
						<string>../../../../../openFrameworks/addons/ofxTriangleMesh/src</string>
						<string>../../../../../openFrameworks/addons/ofxXmlSettings/libs</string>
						<string>../../../../../openFrameworks/addons/ofxXmlSettings/src</string>
					</array>
					<key>COMBINE_HIDPI_IMAGES</key>
					<string>YES</string>
					<key>COPY_PHASE_STRIP</key>
					<string>YES</string>
					<key>FRAMEWORK_SEARCH_PATHS</key>
					<array>
						<string>$(inherited)</string>
					</array>
					<key>GCC_GENERATE_DEBUGGING_SYMBOLS</key>
					<string>YES</string>
					<key>GCC_MODEL_TUNING</key>
					<string>NONE</string>
					<key>ICON</key>
					<string>$(ICON_NAME_RELEASE)</string>
					<key>ICON_FILE</key>
					<string>$(ICON_FILE_PATH)$(ICON)</string>
					<key>INFOPLIST_FILE</key>
					<string>openFrameworks-Info.plist</string>
					<key>INSTALL_PATH</key>
					<string>/Applications</string>
					<key>LIBRARY_SEARCH_PATHS</key>
					<string>$(inherited)</string>
					<key>PRODUCT_NAME</key>
					<string>$(TARGET_NAME)</string>
					<key>WRAPPER_EXTENSION</key>
					<string>app</string>
					<key>baseConfigurationReference</key>
					<string>E4EB6923138AFD0F00A09F29</string>
				</dict>
				<key>isa</key>
				<string>XCBuildConfiguration</string>
				<key>name</key>
				<string>Release</string>
			</dict>
			<key>E4B69E1C0A3A1BDC003C02F2</key>
			<dict>
				<key>children</key>
				<array>
					<string>E4B69E1D0A3A1BDC003C02F2</string>
					<string>E4B69E1E0A3A1BDC003C02F2</string>
					<string>E4B69E1F0A3A1BDC003C02F2</string>
				</array>
				<key>isa</key>
				<string>PBXGroup</string>
				<key>path</key>
				<string>src</string>
				<key>sourceTree</key>
				<string>SOURCE_ROOT</string>
			</dict>
			<key>E4B69E1D0A3A1BDC003C02F2</key>
			<dict>
				<key>fileEncoding</key>
				<string>4</string>
				<key>isa</key>
				<string>PBXFileReference</string>
				<key>lastKnownFileType</key>
				<string>sourcecode.cpp.cpp</string>
				<key>name</key>
				<string>main.cpp</string>
				<key>path</key>
				<string>src/main.cpp</string>
				<key>sourceTree</key>
				<string>SOURCE_ROOT</string>
			</dict>
			<key>E4B69E1E0A3A1BDC003C02F2</key>
			<dict>
				<key>explicitFileType</key>
				<string>sourcecode.cpp.cpp</string>
				<key>fileEncoding</key>
				<string>4</string>
				<key>isa</key>
				<string>PBXFileReference</string>
				<key>name</key>
				<string>ofApp.cpp</string>
				<key>path</key>
				<string>src/ofApp.cpp</string>
				<key>sourceTree</key>
				<string>SOURCE_ROOT</string>
			</dict>
			<key>E4B69E1F0A3A1BDC003C02F2</key>
			<dict>
				<key>fileEncoding</key>
				<string>4</string>
				<key>isa</key>
				<string>PBXFileReference</string>
				<key>lastKnownFileType</key>
				<string>sourcecode.c.h</string>
				<key>name</key>
				<string>ofApp.h</string>
				<key>path</key>
				<string>src/ofApp.h</string>
				<key>sourceTree</key>
				<string>SOURCE_ROOT</string>
			</dict>
			<key>E4B69E200A3A1BDC003C02F2</key>
			<dict>
				<key>fileRef</key>
				<string>E4B69E1D0A3A1BDC003C02F2</string>
				<key>isa</key>
				<string>PBXBuildFile</string>
			</dict>
			<key>E4B69E210A3A1BDC003C02F2</key>
			<dict>
				<key>fileRef</key>
				<string>E4B69E1E0A3A1BDC003C02F2</string>
				<key>isa</key>
				<string>PBXBuildFile</string>
			</dict>
			<key>E4B6FCAD0C3E899E008CF71C</key>
			<dict>
				<key>fileEncoding</key>
				<string>4</string>
				<key>isa</key>
				<string>PBXFileReference</string>
				<key>lastKnownFileType</key>
				<string>text.plist.xml</string>
				<key>path</key>
				<string>openFrameworks-Info.plist</string>
				<key>sourceTree</key>
				<string>&lt;group&gt;</string>
			</dict>
			<key>E4B6FFFD0C3F9AB9008CF71C</key>
			<dict>
				<key>buildActionMask</key>
				<string>2147483647</string>
				<key>files</key>
				<array />
				<key>inputPaths</key>
				<array />
				<key>isa</key>
				<string>PBXShellScriptBuildPhase</string>
				<key>outputPaths</key>
				<array />
				<key>runOnlyForDeploymentPostprocessing</key>
				<string>0</string>
				<key>shellPath</key>
				<string>/bin/sh</string>
				<key>shellScript</key>
				<string>mkdir -p "$TARGET_BUILD_DIR/$PRODUCT_NAME.app/Contents/Resources/"
# Copy default icon file into App/Resources
rsync -aved "$ICON_FILE" "$TARGET_BUILD_DIR/$PRODUCT_NAME.app/Contents/Resources/"
# Copy libfmod and change install directory for fmod to run
rsync -aved "$OF_PATH/libs/fmodex/lib/osx/libfmodex.dylib" "$TARGET_BUILD_DIR/$PRODUCT_NAME.app/Contents/Frameworks/";
install_name_tool -change @executable_path/libfmodex.dylib @executable_path/../Frameworks/libfmodex.dylib "$TARGET_BUILD_DIR/$PRODUCT_NAME.app/Contents/MacOS/$PRODUCT_NAME";

echo "$GCC_PREPROCESSOR_DEFINITIONS";
</string>
			</dict>
			<key>E4C2427710CC5ABF004149E2</key>
			<dict>
				<key>buildActionMask</key>
				<string>2147483647</string>
				<key>dstPath</key>
				<string />
				<key>dstSubfolderSpec</key>
				<string>10</string>
				<key>files</key>
				<array />
				<key>isa</key>
				<string>PBXCopyFilesBuildPhase</string>
				<key>runOnlyForDeploymentPostprocessing</key>
				<string>0</string>
			</dict>
			<key>E4EB691F138AFCF100A09F29</key>
			<dict>
				<key>fileEncoding</key>
				<string>4</string>
				<key>isa</key>
				<string>PBXFileReference</string>
				<key>lastKnownFileType</key>
				<string>text.xcconfig</string>
				<key>name</key>
				<string>CoreOF.xcconfig</string>
				<key>path</key>
				<string>../../../../../openFrameworks/libs/openFrameworksCompiled/project/osx/CoreOF.xcconfig</string>
				<key>sourceTree</key>
				<string>SOURCE_ROOT</string>
			</dict>
			<key>E4EB6923138AFD0F00A09F29</key>
			<dict>
				<key>fileEncoding</key>
				<string>4</string>
				<key>isa</key>
				<string>PBXFileReference</string>
				<key>lastKnownFileType</key>
				<string>text.xcconfig</string>
				<key>path</key>
				<string>Project.xcconfig</string>
				<key>sourceTree</key>
				<string>&lt;group&gt;</string>
			</dict>
			<key>E4EEB9AB138B136A00A80321</key>
			<dict>
				<key>containerPortal</key>
				<string>E4328143138ABC890047C5CB</string>
				<key>isa</key>
				<string>PBXContainerItemProxy</string>
				<key>proxyType</key>
				<string>1</string>
				<key>remoteGlobalIDString</key>
				<string>E4B27C1410CBEB8E00536013</string>
				<key>remoteInfo</key>
				<string>openFrameworks</string>
			</dict>
			<key>E4EEB9AC138B136A00A80321</key>
			<dict>
				<key>isa</key>
				<string>PBXTargetDependency</string>
				<key>name</key>
				<string>openFrameworks</string>
				<key>targetProxy</key>
				<string>E4EEB9AB138B136A00A80321</string>
			</dict>
			<key>E4EEC9E9138DF44700A80321</key>
			<dict>
				<key>children</key>
				<array>
					<string>E4EB691F138AFCF100A09F29</string>
					<string>E4328143138ABC890047C5CB</string>
				</array>
				<key>isa</key>
				<string>PBXGroup</string>
				<key>name</key>
				<string>openFrameworks</string>
				<key>sourceTree</key>
				<string>&lt;group&gt;</string>
			</dict>
		</dict>
		<key>rootObject</key>
		<string>E4B69B4C0A3A1720003C02F2</string>
	</dict>
</plist>
